
Microsoft Visual Studio Solution File, Format Version 12.00
# Visual Studio Version 17
VisualStudioVersion = 17.3.32819.101
MinimumVisualStudioVersion = 10.0.40219.1
Project("{FAE04EC0-301F-11D3-BF4B-00C04F79EFBC}") = "DOE522FA2", "DOE522FA2\DOE522FA2.csproj", "{BCA3AC35-476C-4FF7-BFF3-8AA30436EBB0}"
EndProject
Global
	GlobalSection(SolutionConfigurationPlatforms) = preSolution
		Debug|Any CPU = Debug|Any CPU
		Release|Any CPU = Release|Any CPU
	EndGlobalSection
	GlobalSection(ProjectConfigurationPlatforms) = postSolution
		{BCA3AC35-476C-4FF7-BFF3-8AA30436EBB0}.Debug|Any CPU.ActiveCfg = Debug|Any CPU
		{BCA3AC35-476C-4FF7-BFF3-8AA30436EBB0}.Debug|Any CPU.Build.0 = Debug|Any CPU
		{BCA3AC35-476C-4FF7-BFF3-8AA30436EBB0}.Release|Any CPU.ActiveCfg = Release|Any CPU
		{BCA3AC35-476C-4FF7-BFF3-8AA30436EBB0}.Release|Any CPU.Build.0 = Release|Any CPU
	EndGlobalSection
	GlobalSection(SolutionProperties) = preSolution
		HideSolutionNode = FALSE
	EndGlobalSection
	GlobalSection(ExtensibilityGlobals) = postSolution
		SolutionGuid = {94118636-E67F-4204-9394-A230D4CFFA84}
	EndGlobalSection
EndGlobal
